
Microsoft Visual Studio Solution File, Format Version 12.00
# Visual Studio Version 17
VisualStudioVersion = 17.11.35327.3
MinimumVisualStudioVersion = 10.0.40219.1
Project("{FAE04EC0-301F-11D3-BF4B-00C04F79EFBC}") = "HAIRCRAFT", "HAIRCRAFT.csproj", "{A8723B0D-F65D-48C0-87EC-40521FF9EED7}"
EndProject
Global
	GlobalSection(SolutionConfigurationPlatforms) = preSolution
		Debug|Any CPU = Debug|Any CPU
		Release|Any CPU = Release|Any CPU
	EndGlobalSection
	GlobalSection(ProjectConfigurationPlatforms) = postSolution
		{A8723B0D-F65D-48C0-87EC-40521FF9EED7}.Debug|Any CPU.ActiveCfg = Debug|Any CPU
		{A8723B0D-F65D-48C0-87EC-40521FF9EED7}.Debug|Any CPU.Build.0 = Debug|Any CPU
		{A8723B0D-F65D-48C0-87EC-40521FF9EED7}.Release|Any CPU.ActiveCfg = Release|Any CPU
		{A8723B0D-F65D-48C0-87EC-40521FF9EED7}.Release|Any CPU.Build.0 = Release|Any CPU
	EndGlobalSection
	GlobalSection(SolutionProperties) = preSolution
		HideSolutionNode = FALSE
	EndGlobalSection
	GlobalSection(ExtensibilityGlobals) = postSolution
		SolutionGuid = {A618ABCE-E251-4F1D-B81A-9D64DCDB0FA0}
	EndGlobalSection
EndGlobal
